
Microsoft Visual Studio Solution File, Format Version 12.00
# Visual Studio Version 17
VisualStudioVersion = 17.14.36109.1 d17.14
MinimumVisualStudioVersion = 10.0.40219.1
Project("{FAE04EC0-301F-11D3-BF4B-00C04F79EFBC}") = "TwitterLiveSpeakerApp", "TwitterLiveSpeakerApp\TwitterLiveSpeakerApp.csproj", "{EA49279D-7236-48CE-8F65-C570F61813FF}"
EndProject
Project("{FAE04EC0-301F-11D3-BF4B-00C04F79EFBC}") = "TwitterLiveSpeakerApiLib", "TwitterLiveSpeakerApiLib\TwitterLiveSpeakerApiLib.csproj", "{725E433F-68B1-450C-9267-C6815BC1F95D}"
EndProject
Global
	GlobalSection(SolutionConfigurationPlatforms) = preSolution
		Debug|Any CPU = Debug|Any CPU
		Release|Any CPU = Release|Any CPU
	EndGlobalSection
	GlobalSection(ProjectConfigurationPlatforms) = postSolution
		{EA49279D-7236-48CE-8F65-C570F61813FF}.Debug|Any CPU.ActiveCfg = Debug|Any CPU
		{EA49279D-7236-48CE-8F65-C570F61813FF}.Debug|Any CPU.Build.0 = Debug|Any CPU
		{EA49279D-7236-48CE-8F65-C570F61813FF}.Release|Any CPU.ActiveCfg = Release|Any CPU
		{EA49279D-7236-48CE-8F65-C570F61813FF}.Release|Any CPU.Build.0 = Release|Any CPU
		{725E433F-68B1-450C-9267-C6815BC1F95D}.Debug|Any CPU.ActiveCfg = Debug|Any CPU
		{725E433F-68B1-450C-9267-C6815BC1F95D}.Debug|Any CPU.Build.0 = Debug|Any CPU
		{725E433F-68B1-450C-9267-C6815BC1F95D}.Release|Any CPU.ActiveCfg = Release|Any CPU
		{725E433F-68B1-450C-9267-C6815BC1F95D}.Release|Any CPU.Build.0 = Release|Any CPU
	EndGlobalSection
	GlobalSection(SolutionProperties) = preSolution
		HideSolutionNode = FALSE
	EndGlobalSection
	GlobalSection(ExtensibilityGlobals) = postSolution
		SolutionGuid = {A0310989-B5C4-4EE6-9D33-56D2D7EE5E0A}
	EndGlobalSection
EndGlobal
